
Microsoft Visual Studio Solution File, Format Version 12.00
# Visual Studio Version 16
VisualStudioVersion = 16.0.29123.88
MinimumVisualStudioVersion = 10.0.40219.1
Project("{8BC9CEB8-8B4A-11D0-8D11-00A0C91BC942}") = "huffleman_demo", "huffleman_demo\huffleman_demo.vcxproj", "{998B2DCB-721F-4014-B6CC-6D5A24F28FC1}"
EndProject
Global
	GlobalSection(SolutionConfigurationPlatforms) = preSolution
		Debug|x64 = Debug|x64
		Debug|x86 = Debug|x86
		Release|x64 = Release|x64
		Release|x86 = Release|x86
	EndGlobalSection
	GlobalSection(ProjectConfigurationPlatforms) = postSolution
		{998B2DCB-721F-4014-B6CC-6D5A24F28FC1}.Debug|x64.ActiveCfg = Debug|x64
		{998B2DCB-721F-4014-B6CC-6D5A24F28FC1}.Debug|x64.Build.0 = Debug|x64
		{998B2DCB-721F-4014-B6CC-6D5A24F28FC1}.Debug|x86.ActiveCfg = Debug|Win32
		{998B2DCB-721F-4014-B6CC-6D5A24F28FC1}.Debug|x86.Build.0 = Debug|Win32
		{998B2DCB-721F-4014-B6CC-6D5A24F28FC1}.Release|x64.ActiveCfg = Release|x64
		{998B2DCB-721F-4014-B6CC-6D5A24F28FC1}.Release|x64.Build.0 = Release|x64
		{998B2DCB-721F-4014-B6CC-6D5A24F28FC1}.Release|x86.ActiveCfg = Release|Win32
		{998B2DCB-721F-4014-B6CC-6D5A24F28FC1}.Release|x86.Build.0 = Release|Win32
	EndGlobalSection
	GlobalSection(SolutionProperties) = preSolution
		HideSolutionNode = FALSE
	EndGlobalSection
	GlobalSection(ExtensibilityGlobals) = postSolution
		SolutionGuid = {9BAF8A00-34FC-4318-A351-6CB011713546}
	EndGlobalSection
EndGlobal
